
Microsoft Visual Studio Solution File, Format Version 12.00
# Visual Studio Version 17
VisualStudioVersion = 17.13.36105.23
MinimumVisualStudioVersion = 10.0.40219.1
Project("{FAE04EC0-301F-11D3-BF4B-00C04F79EFBC}") = "LeetcodeConsoleApp", "LeetcodeConsoleApp\LeetcodeConsoleApp.csproj", "{ABAD200B-6086-4871-BDEB-CC0E78E65843}"
EndProject
Project("{FAE04EC0-301F-11D3-BF4B-00C04F79EFBC}") = "LeetcodeConsoleApp.Tests", "LeetcodeConsoleApp.Tests\LeetcodeConsoleApp.Tests.csproj", "{AA85BBC4-7375-4FCB-8F3D-B5896DCA89E6}"
EndProject
Project("{2150E333-8FDC-42A3-9474-1A3956D46DE8}") = "Tools", "Tools", "{02EA681E-C7D8-13C7-8484-4AC65E1B71E8}"
EndProject
Project("{FAE04EC0-301F-11D3-BF4B-00C04F79EFBC}") = "Leetcode.CodeGeneratorConsoleApp", "Leetcode.CodeGeneratorConsoleApp\Leetcode.CodeGeneratorConsoleApp.csproj", "{17BB1921-1A66-4D34-A792-BA6F30E93AD1}"
EndProject
Global
	GlobalSection(SolutionConfigurationPlatforms) = preSolution
		Debug|Any CPU = Debug|Any CPU
		Debug|x64 = Debug|x64
		Debug|x86 = Debug|x86
		Release|Any CPU = Release|Any CPU
		Release|x64 = Release|x64
		Release|x86 = Release|x86
	EndGlobalSection
	GlobalSection(ProjectConfigurationPlatforms) = postSolution
		{ABAD200B-6086-4871-BDEB-CC0E78E65843}.Debug|Any CPU.ActiveCfg = Debug|Any CPU
		{ABAD200B-6086-4871-BDEB-CC0E78E65843}.Debug|Any CPU.Build.0 = Debug|Any CPU
		{ABAD200B-6086-4871-BDEB-CC0E78E65843}.Debug|x64.ActiveCfg = Debug|Any CPU
		{ABAD200B-6086-4871-BDEB-CC0E78E65843}.Debug|x64.Build.0 = Debug|Any CPU
		{ABAD200B-6086-4871-BDEB-CC0E78E65843}.Debug|x86.ActiveCfg = Debug|Any CPU
		{ABAD200B-6086-4871-BDEB-CC0E78E65843}.Debug|x86.Build.0 = Debug|Any CPU
		{ABAD200B-6086-4871-BDEB-CC0E78E65843}.Release|Any CPU.ActiveCfg = Release|Any CPU
		{ABAD200B-6086-4871-BDEB-CC0E78E65843}.Release|Any CPU.Build.0 = Release|Any CPU
		{ABAD200B-6086-4871-BDEB-CC0E78E65843}.Release|x64.ActiveCfg = Release|Any CPU
		{ABAD200B-6086-4871-BDEB-CC0E78E65843}.Release|x64.Build.0 = Release|Any CPU
		{ABAD200B-6086-4871-BDEB-CC0E78E65843}.Release|x86.ActiveCfg = Release|Any CPU
		{ABAD200B-6086-4871-BDEB-CC0E78E65843}.Release|x86.Build.0 = Release|Any CPU
		{AA85BBC4-7375-4FCB-8F3D-B5896DCA89E6}.Debug|Any CPU.ActiveCfg = Debug|Any CPU
		{AA85BBC4-7375-4FCB-8F3D-B5896DCA89E6}.Debug|Any CPU.Build.0 = Debug|Any CPU
		{AA85BBC4-7375-4FCB-8F3D-B5896DCA89E6}.Debug|x64.ActiveCfg = Debug|Any CPU
		{AA85BBC4-7375-4FCB-8F3D-B5896DCA89E6}.Debug|x64.Build.0 = Debug|Any CPU
		{AA85BBC4-7375-4FCB-8F3D-B5896DCA89E6}.Debug|x86.ActiveCfg = Debug|Any CPU
		{AA85BBC4-7375-4FCB-8F3D-B5896DCA89E6}.Debug|x86.Build.0 = Debug|Any CPU
		{AA85BBC4-7375-4FCB-8F3D-B5896DCA89E6}.Release|Any CPU.ActiveCfg = Release|Any CPU
		{AA85BBC4-7375-4FCB-8F3D-B5896DCA89E6}.Release|Any CPU.Build.0 = Release|Any CPU
		{AA85BBC4-7375-4FCB-8F3D-B5896DCA89E6}.Release|x64.ActiveCfg = Release|Any CPU
		{AA85BBC4-7375-4FCB-8F3D-B5896DCA89E6}.Release|x64.Build.0 = Release|Any CPU
		{AA85BBC4-7375-4FCB-8F3D-B5896DCA89E6}.Release|x86.ActiveCfg = Release|Any CPU
		{AA85BBC4-7375-4FCB-8F3D-B5896DCA89E6}.Release|x86.Build.0 = Release|Any CPU
		{17BB1921-1A66-4D34-A792-BA6F30E93AD1}.Debug|Any CPU.ActiveCfg = Debug|Any CPU
		{17BB1921-1A66-4D34-A792-BA6F30E93AD1}.Debug|Any CPU.Build.0 = Debug|Any CPU
		{17BB1921-1A66-4D34-A792-BA6F30E93AD1}.Debug|x64.ActiveCfg = Debug|Any CPU
		{17BB1921-1A66-4D34-A792-BA6F30E93AD1}.Debug|x64.Build.0 = Debug|Any CPU
		{17BB1921-1A66-4D34-A792-BA6F30E93AD1}.Debug|x86.ActiveCfg = Debug|Any CPU
		{17BB1921-1A66-4D34-A792-BA6F30E93AD1}.Debug|x86.Build.0 = Debug|Any CPU
		{17BB1921-1A66-4D34-A792-BA6F30E93AD1}.Release|Any CPU.ActiveCfg = Release|Any CPU
		{17BB1921-1A66-4D34-A792-BA6F30E93AD1}.Release|Any CPU.Build.0 = Release|Any CPU
		{17BB1921-1A66-4D34-A792-BA6F30E93AD1}.Release|x64.ActiveCfg = Release|Any CPU
		{17BB1921-1A66-4D34-A792-BA6F30E93AD1}.Release|x64.Build.0 = Release|Any CPU
		{17BB1921-1A66-4D34-A792-BA6F30E93AD1}.Release|x86.ActiveCfg = Release|Any CPU
		{17BB1921-1A66-4D34-A792-BA6F30E93AD1}.Release|x86.Build.0 = Release|Any CPU
	EndGlobalSection
	GlobalSection(SolutionProperties) = preSolution
		HideSolutionNode = FALSE
	EndGlobalSection
	GlobalSection(NestedProjects) = preSolution
		{17BB1921-1A66-4D34-A792-BA6F30E93AD1} = {02EA681E-C7D8-13C7-8484-4AC65E1B71E8}
	EndGlobalSection
	GlobalSection(ExtensibilityGlobals) = postSolution
		SolutionGuid = {2807E8F5-8E05-4A1D-A3CC-84C1A4FFEF00}
	EndGlobalSection
EndGlobal
